
Microsoft Visual Studio Solution File, Format Version 12.00
# Visual Studio Version 16
VisualStudioVersion = 16.0.29709.97
MinimumVisualStudioVersion = 10.0.40219.1
Project("{778DAE3C-4631-46EA-AA77-85C1314464D9}") = "Example1", "Example1-Basic\Example1.vbproj", "{1179230A-5B30-4579-A346-AFE0C7529058}"
EndProject
Project("{778DAE3C-4631-46EA-AA77-85C1314464D9}") = "Example2", "Example2-Services\Example2.vbproj", "{9D313CD5-EEE9-4F4F-9398-2AD7FB3C63A9}"
EndProject
Project("{778DAE3C-4631-46EA-AA77-85C1314464D9}") = "Example3", "Example3-Audio\Example3.vbproj", "{F1AB31FB-2678-41C5-AF51-00159B702E90}"
EndProject
Global
	GlobalSection(SolutionConfigurationPlatforms) = preSolution
		Debug|Any CPU = Debug|Any CPU
		Release|Any CPU = Release|Any CPU
	EndGlobalSection
	GlobalSection(ProjectConfigurationPlatforms) = postSolution
		{1179230A-5B30-4579-A346-AFE0C7529058}.Debug|Any CPU.ActiveCfg = Debug|Any CPU
		{1179230A-5B30-4579-A346-AFE0C7529058}.Debug|Any CPU.Build.0 = Debug|Any CPU
		{1179230A-5B30-4579-A346-AFE0C7529058}.Release|Any CPU.ActiveCfg = Release|Any CPU
		{1179230A-5B30-4579-A346-AFE0C7529058}.Release|Any CPU.Build.0 = Release|Any CPU
		{9D313CD5-EEE9-4F4F-9398-2AD7FB3C63A9}.Debug|Any CPU.ActiveCfg = Debug|Any CPU
		{9D313CD5-EEE9-4F4F-9398-2AD7FB3C63A9}.Debug|Any CPU.Build.0 = Debug|Any CPU
		{9D313CD5-EEE9-4F4F-9398-2AD7FB3C63A9}.Release|Any CPU.ActiveCfg = Release|Any CPU
		{9D313CD5-EEE9-4F4F-9398-2AD7FB3C63A9}.Release|Any CPU.Build.0 = Release|Any CPU
		{F1AB31FB-2678-41C5-AF51-00159B702E90}.Debug|Any CPU.ActiveCfg = Debug|Any CPU
		{F1AB31FB-2678-41C5-AF51-00159B702E90}.Debug|Any CPU.Build.0 = Debug|Any CPU
		{F1AB31FB-2678-41C5-AF51-00159B702E90}.Release|Any CPU.ActiveCfg = Release|Any CPU
		{F1AB31FB-2678-41C5-AF51-00159B702E90}.Release|Any CPU.Build.0 = Release|Any CPU
	EndGlobalSection
	GlobalSection(SolutionProperties) = preSolution
		HideSolutionNode = FALSE
	EndGlobalSection
	GlobalSection(ExtensibilityGlobals) = postSolution
		SolutionGuid = {D95E9740-D336-4784-91D2-6A3F60DEFDBB}
	EndGlobalSection
EndGlobal
